{
  "version": "4",
  "specifiers": {
    "jsr:@hono/hono@^4.6.13": "4.6.13",
    "jsr:@zhexin/bencoder@~0.1.1": "0.1.1",
    "npm:html-rewriter-wasm@~0.4.1": "0.4.1"
  },
  "jsr": {
    "@hono/hono@4.6.13": {
      "integrity": "198970fc6facf71a88ee57aa1ed32143b56bcb0f842fa965ca3ee7d6fdd21a8e"
    },
    "@zhexin/bencoder@0.1.1": {
      "integrity": "b7fea734b70a209f6e38376302cf17e2ec98b5f9fe32e60b9d48689857ea7882"
    }
  },
  "npm": {
    "html-rewriter-wasm@0.4.1": {
      "integrity": "sha512-lNovG8CMCCmcVB1Q7xggMSf7tqPCijZXaH4gL6iE8BFghdQCbaY5Met9i1x2Ex8m/cZHDUtXK9H6/znKamRP8Q=="
    }
  },
  "workspace": {
    "dependencies": [
      "jsr:@hono/hono@^4.6.13",
      "jsr:@zhexin/bencoder@~0.1.1",
      "npm:html-rewriter-wasm@~0.4.1"
    ]
  }
}
